
Microsoft Visual Studio Solution File, Format Version 12.00
# Visual Studio 15
VisualStudioVersion = 15.0.28010.2046
MinimumVisualStudioVersion = 10.0.40219.1
Project("{8BC9CEB8-8B4A-11D0-8D11-00A0C91BC942}") = "Spiral Matrix", "Spiral Matrix\Spiral Matrix.vcxproj", "{31FA9412-25DA-47E8-8C05-F4E6CC34D820}"
EndProject
Global
	GlobalSection(SolutionConfigurationPlatforms) = preSolution
		Debug|x64 = Debug|x64
		Debug|x86 = Debug|x86
		Release|x64 = Release|x64
		Release|x86 = Release|x86
	EndGlobalSection
	GlobalSection(ProjectConfigurationPlatforms) = postSolution
		{31FA9412-25DA-47E8-8C05-F4E6CC34D820}.Debug|x64.ActiveCfg = Debug|x64
		{31FA9412-25DA-47E8-8C05-F4E6CC34D820}.Debug|x64.Build.0 = Debug|x64
		{31FA9412-25DA-47E8-8C05-F4E6CC34D820}.Debug|x86.ActiveCfg = Debug|Win32
		{31FA9412-25DA-47E8-8C05-F4E6CC34D820}.Debug|x86.Build.0 = Debug|Win32
		{31FA9412-25DA-47E8-8C05-F4E6CC34D820}.Release|x64.ActiveCfg = Release|x64
		{31FA9412-25DA-47E8-8C05-F4E6CC34D820}.Release|x64.Build.0 = Release|x64
		{31FA9412-25DA-47E8-8C05-F4E6CC34D820}.Release|x86.ActiveCfg = Release|Win32
		{31FA9412-25DA-47E8-8C05-F4E6CC34D820}.Release|x86.Build.0 = Release|Win32
	EndGlobalSection
	GlobalSection(SolutionProperties) = preSolution
		HideSolutionNode = FALSE
	EndGlobalSection
	GlobalSection(ExtensibilityGlobals) = postSolution
		SolutionGuid = {9BD6D190-4F22-4BC9-A10A-EB8B1A677E0B}
	EndGlobalSection
EndGlobal
